{
  "version": 4,
  "terraform_version": "1.2.2",
  "serial": 175,
  "lineage": "a37c7f0b-9519-3b5d-ff06-ea92ee23ab39",
  "outputs": {
    "Ansible_Server_IP": {
      "value": "10.0.1.169",
      "type": "string"
    },
    "bastion_ip": {
      "value": "44.207.152.77",
      "type": "string"
    },
    "nat_gateway_ip": {
      "value": "44.196.49.240",
      "type": "string"
    }
  },
  "resources": [
    {
      "mode": "data",
      "type": "aws_ami",
      "name": "ubuntu",
      "provider": "provider[\"registry.terraform.io/hashicorp/aws\"]",
      "instances": [
        {
          "schema_version": 0,
          "attributes": {
            "architecture": "x86_64",
            "arn": "arn:aws:ec2:us-east-1::image/ami-0439517b5e436bdab",
            "block_device_mappings": [
              {
                "device_name": "/dev/sda1",
                "ebs": {
                  "delete_on_termination": "true",
                  "encrypted": "false",
                  "iops": "0",
                  "snapshot_id": "snap-0c69f3d041f65f45f",
                  "throughput": "0",
                  "volume_size": "8",
                  "volume_type": "gp2"
                },
                "no_device": "",
                "virtual_name": ""
              },
              {
                "device_name": "/dev/sdb",
                "ebs": {},
                "no_device": "",
                "virtual_name": "ephemeral0"
              },
              {
                "device_name": "/dev/sdc",
                "ebs": {},
                "no_device": "",
                "virtual_name": "ephemeral1"
              }
            ],
            "boot_mode": "",
            "creation_date": "2022-06-28T00:51:25.000Z",
            "deprecation_time": "2024-06-28T00:51:25.000Z",
            "description": "Canonical, Ubuntu, 20.04 LTS, amd64 focal image build on 2022-06-27",
            "ena_support": true,
            "executable_users": null,
            "filter": [
              {
                "name": "name",
                "values": [
                  "ubuntu/images/hvm-ssd/ubuntu-focal-20.04-amd64-server-*"
                ]
              }
            ],
            "hypervisor": "xen",
            "id": "ami-0439517b5e436bdab",
            "image_id": "ami-0439517b5e436bdab",
            "image_location": "099720109477/ubuntu/images/hvm-ssd/ubuntu-focal-20.04-amd64-server-20220627.1",
            "image_owner_alias": "",
            "image_type": "machine",
            "include_deprecated": false,
            "kernel_id": "",
            "most_recent": true,
            "name": "ubuntu/images/hvm-ssd/ubuntu-focal-20.04-amd64-server-20220627.1",
            "name_regex": null,
            "owner_id": "099720109477",
            "owners": [
              "099720109477"
            ],
            "platform": "",
            "platform_details": "Linux/UNIX",
            "product_codes": [],
            "public": true,
            "ramdisk_id": "",
            "root_device_name": "/dev/sda1",
            "root_device_type": "ebs",
            "root_snapshot_id": "snap-0c69f3d041f65f45f",
            "sriov_net_support": "simple",
            "state": "available",
            "state_reason": {
              "code": "UNSET",
              "message": "UNSET"
            },
            "tags": {},
            "tpm_support": "",
            "usage_operation": "RunInstances",
            "virtualization_type": "hvm"
          },
          "sensitive_attributes": []
        }
      ]
    },
    {
      "mode": "data",
      "type": "aws_availability_zones",
      "name": "available",
      "provider": "provider[\"registry.terraform.io/hashicorp/aws\"]",
      "instances": [
        {
          "schema_version": 0,
          "attributes": {
            "all_availability_zones": null,
            "exclude_names": null,
            "exclude_zone_ids": null,
            "filter": null,
            "group_names": [
              "us-east-1"
            ],
            "id": "us-east-1",
            "names": [
              "us-east-1a",
              "us-east-1b",
              "us-east-1c",
              "us-east-1d",
              "us-east-1e",
              "us-east-1f"
            ],
            "state": null,
            "zone_ids": [
              "use1-az2",
              "use1-az4",
              "use1-az6",
              "use1-az1",
              "use1-az3",
              "use1-az5"
            ]
          },
          "sensitive_attributes": []
        }
      ]
    },
    {
      "mode": "managed",
      "type": "aws_eip",
      "name": "bastion_server",
      "provider": "provider[\"registry.terraform.io/hashicorp/aws\"]",
      "instances": [
        {
          "schema_version": 0,
          "attributes": {
            "address": null,
            "allocation_id": "eipalloc-0299be64468a87239",
            "associate_with_private_ip": null,
            "association_id": "eipassoc-0dd0c0a9b974d7f06",
            "carrier_ip": "",
            "customer_owned_ip": "",
            "customer_owned_ipv4_pool": "",
            "domain": "vpc",
            "id": "eipalloc-0299be64468a87239",
            "instance": "i-0df27f4dedd9f9767",
            "network_border_group": "us-east-1",
            "network_interface": "eni-017aa8af51b6f4576",
            "private_dns": "ip-10-0-2-211.ec2.internal",
            "private_ip": "10.0.2.211",
            "public_dns": "ec2-44-207-152-77.compute-1.amazonaws.com",
            "public_ip": "44.207.152.77",
            "public_ipv4_pool": "amazon",
            "tags": {},
            "tags_all": {},
            "timeouts": null,
            "vpc": true
          },
          "sensitive_attributes": [],
          "private": "eyJlMmJmYjczMC1lY2FhLTExZTYtOGY4OC0zNDM2M2JjN2M0YzAiOnsiZGVsZXRlIjoxODAwMDAwMDAwMDAsInJlYWQiOjkwMDAwMDAwMDAwMCwidXBkYXRlIjozMDAwMDAwMDAwMDB9fQ==",
          "dependencies": [
            "aws_instance.bastion_server",
            "aws_key_pair.key_pair",
            "aws_security_group.allow_ssh",
            "aws_subnet.nat_subnet",
            "aws_vpc.vpc",
            "data.aws_ami.ubuntu",
            "data.aws_availability_zones.available",
            "tls_private_key.ssh"
          ]
        }
      ]
    },
    {
      "mode": "managed",
      "type": "aws_eip",
      "name": "ip_address",
      "provider": "provider[\"registry.terraform.io/hashicorp/aws\"]",
      "instances": [
        {
          "schema_version": 0,
          "attributes": {
            "address": null,
            "allocation_id": "eipalloc-087ecb141c1ef26bf",
            "associate_with_private_ip": null,
            "association_id": "eipassoc-09e18c216c113110d",
            "carrier_ip": "",
            "customer_owned_ip": "",
            "customer_owned_ipv4_pool": "",
            "domain": "vpc",
            "id": "eipalloc-087ecb141c1ef26bf",
            "instance": "",
            "network_border_group": "us-east-1",
            "network_interface": "eni-03ecdfabd462f8d1c",
            "private_dns": "ip-10-0-2-196.ec2.internal",
            "private_ip": "10.0.2.196",
            "public_dns": "ec2-44-196-49-240.compute-1.amazonaws.com",
            "public_ip": "44.196.49.240",
            "public_ipv4_pool": "amazon",
            "tags": {},
            "tags_all": {},
            "timeouts": null,
            "vpc": true
          },
          "sensitive_attributes": [],
          "private": "eyJlMmJmYjczMC1lY2FhLTExZTYtOGY4OC0zNDM2M2JjN2M0YzAiOnsiZGVsZXRlIjoxODAwMDAwMDAwMDAsInJlYWQiOjkwMDAwMDAwMDAwMCwidXBkYXRlIjozMDAwMDAwMDAwMDB9fQ=="
        }
      ]
    },
    {
      "mode": "managed",
      "type": "aws_instance",
      "name": "ansible_server",
      "provider": "provider[\"registry.terraform.io/hashicorp/aws\"]",
      "instances": [
        {
          "schema_version": 1,
          "attributes": {
            "ami": "ami-0439517b5e436bdab",
            "arn": "arn:aws:ec2:us-east-1:105556704560:instance/i-01268def06153af00",
            "associate_public_ip_address": false,
            "availability_zone": "us-east-1a",
            "capacity_reservation_specification": [
              {
                "capacity_reservation_preference": "open",
                "capacity_reservation_target": []
              }
            ],
            "cpu_core_count": 1,
            "cpu_threads_per_core": 1,
            "credit_specification": [
              {
                "cpu_credits": "standard"
              }
            ],
            "disable_api_stop": false,
            "disable_api_termination": false,
            "ebs_block_device": [],
            "ebs_optimized": false,
            "enclave_options": [
              {
                "enabled": false
              }
            ],
            "ephemeral_block_device": [],
            "get_password_data": false,
            "hibernation": false,
            "host_id": null,
            "iam_instance_profile": "",
            "id": "i-01268def06153af00",
            "instance_initiated_shutdown_behavior": "stop",
            "instance_state": "running",
            "instance_type": "t2.micro",
            "ipv6_address_count": 0,
            "ipv6_addresses": [],
            "key_name": "ansible-key",
            "launch_template": [],
            "maintenance_options": [
              {
                "auto_recovery": "default"
              }
            ],
            "metadata_options": [
              {
                "http_endpoint": "enabled",
                "http_put_response_hop_limit": 1,
                "http_tokens": "optional",
                "instance_metadata_tags": "disabled"
              }
            ],
            "monitoring": false,
            "network_interface": [],
            "outpost_arn": "",
            "password_data": "",
            "placement_group": "",
            "placement_partition_number": null,
            "primary_network_interface_id": "eni-0115e68e14e61cb51",
            "private_dns": "ip-10-0-1-169.ec2.internal",
            "private_dns_name_options": [
              {
                "enable_resource_name_dns_a_record": false,
                "enable_resource_name_dns_aaaa_record": false,
                "hostname_type": "ip-name"
              }
            ],
            "private_ip": "10.0.1.169",
            "public_dns": "",
            "public_ip": "",
            "root_block_device": [
              {
                "delete_on_termination": true,
                "device_name": "/dev/sda1",
                "encrypted": false,
                "iops": 100,
                "kms_key_id": "",
                "tags": {},
                "throughput": 0,
                "volume_id": "vol-08d0b56834e5aedd7",
                "volume_size": 8,
                "volume_type": "gp2"
              }
            ],
            "secondary_private_ips": [],
            "security_groups": [],
            "source_dest_check": true,
            "subnet_id": "subnet-0356f36f5bd1383bb",
            "tags": {
              "Name": "Ansible Server"
            },
            "tags_all": {
              "Name": "Ansible Server"
            },
            "tenancy": "default",
            "timeouts": null,
            "user_data": "3a824aa872698e3a48a1412f46818c0455751f29",
            "user_data_base64": null,
            "user_data_replace_on_change": false,
            "volume_tags": null,
            "vpc_security_group_ids": [
              "sg-07bd7dce2e4cdf4de"
            ]
          },
          "sensitive_attributes": [],
          "private": "eyJlMmJmYjczMC1lY2FhLTExZTYtOGY4OC0zNDM2M2JjN2M0YzAiOnsiY3JlYXRlIjo2MDAwMDAwMDAwMDAsImRlbGV0ZSI6MTIwMDAwMDAwMDAwMCwidXBkYXRlIjo2MDAwMDAwMDAwMDB9LCJzY2hlbWFfdmVyc2lvbiI6IjEifQ==",
          "dependencies": [
            "aws_key_pair.key_pair",
            "aws_security_group.allow_ssh",
            "aws_subnet.instance",
            "aws_vpc.vpc",
            "data.aws_ami.ubuntu",
            "data.aws_availability_zones.available",
            "tls_private_key.ssh"
          ]
        }
      ]
    },
    {
      "mode": "managed",
      "type": "aws_instance",
      "name": "bastion_server",
      "provider": "provider[\"registry.terraform.io/hashicorp/aws\"]",
      "instances": [
        {
          "schema_version": 1,
          "attributes": {
            "ami": "ami-0439517b5e436bdab",
            "arn": "arn:aws:ec2:us-east-1:105556704560:instance/i-0df27f4dedd9f9767",
            "associate_public_ip_address": true,
            "availability_zone": "us-east-1a",
            "capacity_reservation_specification": [
              {
                "capacity_reservation_preference": "open",
                "capacity_reservation_target": []
              }
            ],
            "cpu_core_count": 1,
            "cpu_threads_per_core": 1,
            "credit_specification": [
              {
                "cpu_credits": "standard"
              }
            ],
            "disable_api_stop": false,
            "disable_api_termination": false,
            "ebs_block_device": [],
            "ebs_optimized": false,
            "enclave_options": [
              {
                "enabled": false
              }
            ],
            "ephemeral_block_device": [],
            "get_password_data": false,
            "hibernation": false,
            "host_id": null,
            "iam_instance_profile": "",
            "id": "i-0df27f4dedd9f9767",
            "instance_initiated_shutdown_behavior": "stop",
            "instance_state": "running",
            "instance_type": "t2.micro",
            "ipv6_address_count": 0,
            "ipv6_addresses": [],
            "key_name": "ansible-key",
            "launch_template": [],
            "maintenance_options": [
              {
                "auto_recovery": "default"
              }
            ],
            "metadata_options": [
              {
                "http_endpoint": "enabled",
                "http_put_response_hop_limit": 1,
                "http_tokens": "optional",
                "instance_metadata_tags": "disabled"
              }
            ],
            "monitoring": false,
            "network_interface": [],
            "outpost_arn": "",
            "password_data": "",
            "placement_group": "",
            "placement_partition_number": null,
            "primary_network_interface_id": "eni-017aa8af51b6f4576",
            "private_dns": "ip-10-0-2-211.ec2.internal",
            "private_dns_name_options": [
              {
                "enable_resource_name_dns_a_record": false,
                "enable_resource_name_dns_aaaa_record": false,
                "hostname_type": "ip-name"
              }
            ],
            "private_ip": "10.0.2.211",
            "public_dns": "ec2-44-207-152-77.compute-1.amazonaws.com",
            "public_ip": "44.207.152.77",
            "root_block_device": [
              {
                "delete_on_termination": true,
                "device_name": "/dev/sda1",
                "encrypted": false,
                "iops": 100,
                "kms_key_id": "",
                "tags": {},
                "throughput": 0,
                "volume_id": "vol-08cd4cc218b8b7a3b",
                "volume_size": 8,
                "volume_type": "gp2"
              }
            ],
            "secondary_private_ips": [],
            "security_groups": [],
            "source_dest_check": true,
            "subnet_id": "subnet-0d3d4844a007582a3",
            "tags": {
              "Name": "Bastion Server"
            },
            "tags_all": {
              "Name": "Bastion Server"
            },
            "tenancy": "default",
            "timeouts": null,
            "user_data": null,
            "user_data_base64": null,
            "user_data_replace_on_change": false,
            "volume_tags": null,
            "vpc_security_group_ids": [
              "sg-07bd7dce2e4cdf4de"
            ]
          },
          "sensitive_attributes": [],
          "private": "eyJlMmJmYjczMC1lY2FhLTExZTYtOGY4OC0zNDM2M2JjN2M0YzAiOnsiY3JlYXRlIjo2MDAwMDAwMDAwMDAsImRlbGV0ZSI6MTIwMDAwMDAwMDAwMCwidXBkYXRlIjo2MDAwMDAwMDAwMDB9LCJzY2hlbWFfdmVyc2lvbiI6IjEifQ==",
          "dependencies": [
            "aws_key_pair.key_pair",
            "aws_security_group.allow_ssh",
            "aws_subnet.nat_subnet",
            "aws_vpc.vpc",
            "data.aws_ami.ubuntu",
            "data.aws_availability_zones.available",
            "tls_private_key.ssh"
          ]
        }
      ]
    },
    {
      "mode": "managed",
      "type": "aws_internet_gateway",
      "name": "internet_gateway",
      "provider": "provider[\"registry.terraform.io/hashicorp/aws\"]",
      "instances": [
        {
          "schema_version": 0,
          "attributes": {
            "arn": "arn:aws:ec2:us-east-1:105556704560:internet-gateway/igw-091cc46c661332d69",
            "id": "igw-091cc46c661332d69",
            "owner_id": "105556704560",
            "tags": {
              "Name": "Internet Gateway"
            },
            "tags_all": {
              "Name": "Internet Gateway"
            },
            "vpc_id": "vpc-0d2db9edf7143892e"
          },
          "sensitive_attributes": [],
          "private": "bnVsbA==",
          "dependencies": [
            "aws_vpc.vpc"
          ]
        }
      ]
    },
    {
      "mode": "managed",
      "type": "aws_key_pair",
      "name": "key_pair",
      "provider": "provider[\"registry.terraform.io/hashicorp/aws\"]",
      "instances": [
        {
          "schema_version": 1,
          "attributes": {
            "arn": "arn:aws:ec2:us-east-1:105556704560:key-pair/ansible-key",
            "fingerprint": "04:82:28:db:91:f1:f8:03:39:e4:24:37:d2:fb:27:de",
            "id": "ansible-key",
            "key_name": "ansible-key",
            "key_name_prefix": "",
            "key_pair_id": "key-05a5696500eeca067",
            "key_type": "rsa",
            "public_key": "ssh-rsa AAAAB3NzaC1yc2EAAAADAQABAAACAQCwv7mcd+Ui0L126DYZVg0J9LzjqTMCWHWPJh4RFQD00KJ4n7ILAw6Hg92G4hKN0UGSWzqe4lUrd07MBSfocVS9OvDj7IZ7v/3J3Vh0RkiH5QZL2BnMMmO66CORrswAmTZHrwe43huyLTPUIv5KlXsHXmBsBsk4djjLZp7t7CUpoE3YzNpzjFhXUReEbV9XGdYPRO+cADT8HfVTz+fmwRqxMblRtWj2KTxRutxgtyTUxHo7Wo1yMiiu8mlJwEPk+u4SZ8h52WbRJEFXa0fg/ABe6nJru3XnYh0bksiY0HKxJuvyykzVYr7u+4lvsU3MAqy6gkq27ftqhYpHdi81m8tDks4fSEReNVtW1UPFxPKneAq8l4aP0Ut2CB54GgVQKbpw/Atw6bt2aw1ySCXQekUeO6w2QV4MO9NWxaSxRHOVWlqZgxN0kGHC0pDvgJnmRgqG6Z/6A0TgsanaLtuAktqw/iTxfoQWJXYcKqx37biYBikQ+Kct0DlAhaVNB0NM1MIuzlpxt+wZV6gmvnzLoG0qizIOAOTq9roNmcjDiuvaCDPFgkoYTUsFyIPUio0laq9DK0b6iCgYAv9Aypg5Jkw/nELaRgW464r4Kq+rfWUh5qGBs8jlwF5E36lT7xid7PSrQJZdhIyj35YCWWymis3s0wMHeTctVR7EtKx/z6d5hQ==",
            "tags": {},
            "tags_all": {}
          },
          "sensitive_attributes": [],
          "private": "eyJzY2hlbWFfdmVyc2lvbiI6IjEifQ==",
          "dependencies": [
            "tls_private_key.ssh"
          ]
        }
      ]
    },
    {
      "mode": "managed",
      "type": "aws_nat_gateway",
      "name": "nat_gateway",
      "provider": "provider[\"registry.terraform.io/hashicorp/aws\"]",
      "instances": [
        {
          "schema_version": 0,
          "attributes": {
            "allocation_id": "eipalloc-087ecb141c1ef26bf",
            "connectivity_type": "public",
            "id": "nat-0388d112d0c1cb762",
            "network_interface_id": "eni-03ecdfabd462f8d1c",
            "private_ip": "10.0.2.196",
            "public_ip": "44.196.49.240",
            "subnet_id": "subnet-0d3d4844a007582a3",
            "tags": {
              "Name": "NAT Gateway"
            },
            "tags_all": {
              "Name": "NAT Gateway"
            }
          },
          "sensitive_attributes": [],
          "private": "bnVsbA==",
          "dependencies": [
            "aws_eip.ip_address",
            "aws_subnet.nat_subnet",
            "aws_vpc.vpc",
            "data.aws_availability_zones.available"
          ]
        }
      ]
    },
    {
      "mode": "managed",
      "type": "aws_route_table",
      "name": "instance",
      "provider": "provider[\"registry.terraform.io/hashicorp/aws\"]",
      "instances": [
        {
          "schema_version": 0,
          "attributes": {
            "arn": "arn:aws:ec2:us-east-1:105556704560:route-table/rtb-00bdf274fcd6921c2",
            "id": "rtb-00bdf274fcd6921c2",
            "owner_id": "105556704560",
            "propagating_vgws": [],
            "route": [
              {
                "carrier_gateway_id": "",
                "cidr_block": "0.0.0.0/0",
                "core_network_arn": "",
                "destination_prefix_list_id": "",
                "egress_only_gateway_id": "",
                "gateway_id": "",
                "instance_id": "",
                "ipv6_cidr_block": "",
                "local_gateway_id": "",
                "nat_gateway_id": "nat-0388d112d0c1cb762",
                "network_interface_id": "",
                "transit_gateway_id": "",
                "vpc_endpoint_id": "",
                "vpc_peering_connection_id": ""
              }
            ],
            "tags": {},
            "tags_all": {},
            "timeouts": null,
            "vpc_id": "vpc-0d2db9edf7143892e"
          },
          "sensitive_attributes": [],
          "private": "eyJlMmJmYjczMC1lY2FhLTExZTYtOGY4OC0zNDM2M2JjN2M0YzAiOnsiY3JlYXRlIjozMDAwMDAwMDAwMDAsImRlbGV0ZSI6MzAwMDAwMDAwMDAwLCJ1cGRhdGUiOjEyMDAwMDAwMDAwMH19",
          "dependencies": [
            "aws_eip.ip_address",
            "aws_nat_gateway.nat_gateway",
            "aws_subnet.nat_subnet",
            "aws_vpc.vpc",
            "data.aws_availability_zones.available"
          ]
        }
      ]
    },
    {
      "mode": "managed",
      "type": "aws_route_table",
      "name": "route_table",
      "provider": "provider[\"registry.terraform.io/hashicorp/aws\"]",
      "instances": [
        {
          "schema_version": 0,
          "attributes": {
            "arn": "arn:aws:ec2:us-east-1:105556704560:route-table/rtb-09e0383604701abb1",
            "id": "rtb-09e0383604701abb1",
            "owner_id": "105556704560",
            "propagating_vgws": [],
            "route": [
              {
                "carrier_gateway_id": "",
                "cidr_block": "0.0.0.0/0",
                "core_network_arn": "",
                "destination_prefix_list_id": "",
                "egress_only_gateway_id": "",
                "gateway_id": "igw-091cc46c661332d69",
                "instance_id": "",
                "ipv6_cidr_block": "",
                "local_gateway_id": "",
                "nat_gateway_id": "",
                "network_interface_id": "",
                "transit_gateway_id": "",
                "vpc_endpoint_id": "",
                "vpc_peering_connection_id": ""
              }
            ],
            "tags": {},
            "tags_all": {},
            "timeouts": null,
            "vpc_id": "vpc-0d2db9edf7143892e"
          },
          "sensitive_attributes": [],
          "private": "eyJlMmJmYjczMC1lY2FhLTExZTYtOGY4OC0zNDM2M2JjN2M0YzAiOnsiY3JlYXRlIjozMDAwMDAwMDAwMDAsImRlbGV0ZSI6MzAwMDAwMDAwMDAwLCJ1cGRhdGUiOjEyMDAwMDAwMDAwMH19",
          "dependencies": [
            "aws_internet_gateway.internet_gateway",
            "aws_vpc.vpc"
          ]
        }
      ]
    },
    {
      "mode": "managed",
      "type": "aws_route_table_association",
      "name": "instance",
      "provider": "provider[\"registry.terraform.io/hashicorp/aws\"]",
      "instances": [
        {
          "schema_version": 0,
          "attributes": {
            "gateway_id": "",
            "id": "rtbassoc-0d37a5659e6648256",
            "route_table_id": "rtb-00bdf274fcd6921c2",
            "subnet_id": "subnet-0356f36f5bd1383bb"
          },
          "sensitive_attributes": [],
          "private": "bnVsbA==",
          "dependencies": [
            "aws_eip.ip_address",
            "aws_nat_gateway.nat_gateway",
            "aws_route_table.instance",
            "aws_subnet.instance",
            "aws_subnet.nat_subnet",
            "aws_vpc.vpc",
            "data.aws_availability_zones.available"
          ]
        }
      ]
    },
    {
      "mode": "managed",
      "type": "aws_route_table_association",
      "name": "rt_associate",
      "provider": "provider[\"registry.terraform.io/hashicorp/aws\"]",
      "instances": [
        {
          "schema_version": 0,
          "attributes": {
            "gateway_id": "",
            "id": "rtbassoc-06b4816b98d92b652",
            "route_table_id": "rtb-09e0383604701abb1",
            "subnet_id": "subnet-0d3d4844a007582a3"
          },
          "sensitive_attributes": [],
          "private": "bnVsbA==",
          "dependencies": [
            "aws_internet_gateway.internet_gateway",
            "aws_route_table.route_table",
            "aws_subnet.nat_subnet",
            "aws_vpc.vpc",
            "data.aws_availability_zones.available"
          ]
        }
      ]
    },
    {
      "mode": "managed",
      "type": "aws_security_group",
      "name": "allow_ssh",
      "provider": "provider[\"registry.terraform.io/hashicorp/aws\"]",
      "instances": [
        {
          "schema_version": 1,
          "attributes": {
            "arn": "arn:aws:ec2:us-east-1:105556704560:security-group/sg-07bd7dce2e4cdf4de",
            "description": "Managed by Terraform",
            "egress": [
              {
                "cidr_blocks": [
                  "0.0.0.0/0"
                ],
                "description": "",
                "from_port": 0,
                "ipv6_cidr_blocks": [],
                "prefix_list_ids": [],
                "protocol": "-1",
                "security_groups": [],
                "self": false,
                "to_port": 0
              }
            ],
            "id": "sg-07bd7dce2e4cdf4de",
            "ingress": [
              {
                "cidr_blocks": [
                  "0.0.0.0/0"
                ],
                "description": "",
                "from_port": 22,
                "ipv6_cidr_blocks": [],
                "prefix_list_ids": [],
                "protocol": "tcp",
                "security_groups": [],
                "self": false,
                "to_port": 22
              }
            ],
            "name": "terraform-20220702094606268100000001",
            "name_prefix": "terraform-",
            "owner_id": "105556704560",
            "revoke_rules_on_delete": false,
            "tags": {},
            "tags_all": {},
            "timeouts": null,
            "vpc_id": "vpc-0d2db9edf7143892e"
          },
          "sensitive_attributes": [],
          "private": "eyJlMmJmYjczMC1lY2FhLTExZTYtOGY4OC0zNDM2M2JjN2M0YzAiOnsiY3JlYXRlIjo2MDAwMDAwMDAwMDAsImRlbGV0ZSI6OTAwMDAwMDAwMDAwfSwic2NoZW1hX3ZlcnNpb24iOiIxIn0=",
          "dependencies": [
            "aws_vpc.vpc"
          ]
        }
      ]
    },
    {
      "mode": "managed",
      "type": "aws_subnet",
      "name": "instance",
      "provider": "provider[\"registry.terraform.io/hashicorp/aws\"]",
      "instances": [
        {
          "schema_version": 1,
          "attributes": {
            "arn": "arn:aws:ec2:us-east-1:105556704560:subnet/subnet-0356f36f5bd1383bb",
            "assign_ipv6_address_on_creation": false,
            "availability_zone": "us-east-1a",
            "availability_zone_id": "use1-az2",
            "cidr_block": "10.0.1.0/24",
            "customer_owned_ipv4_pool": "",
            "enable_dns64": false,
            "enable_resource_name_dns_a_record_on_launch": false,
            "enable_resource_name_dns_aaaa_record_on_launch": false,
            "id": "subnet-0356f36f5bd1383bb",
            "ipv6_cidr_block": "",
            "ipv6_cidr_block_association_id": "",
            "ipv6_native": false,
            "map_customer_owned_ip_on_launch": false,
            "map_public_ip_on_launch": false,
            "outpost_arn": "",
            "owner_id": "105556704560",
            "private_dns_hostname_type_on_launch": "ip-name",
            "tags": {
              "Name": "Subnet instance"
            },
            "tags_all": {
              "Name": "Subnet instance"
            },
            "timeouts": null,
            "vpc_id": "vpc-0d2db9edf7143892e"
          },
          "sensitive_attributes": [],
          "private": "eyJlMmJmYjczMC1lY2FhLTExZTYtOGY4OC0zNDM2M2JjN2M0YzAiOnsiY3JlYXRlIjo2MDAwMDAwMDAwMDAsImRlbGV0ZSI6MTIwMDAwMDAwMDAwMH0sInNjaGVtYV92ZXJzaW9uIjoiMSJ9",
          "dependencies": [
            "aws_vpc.vpc",
            "data.aws_availability_zones.available"
          ]
        }
      ]
    },
    {
      "mode": "managed",
      "type": "aws_subnet",
      "name": "nat_subnet",
      "provider": "provider[\"registry.terraform.io/hashicorp/aws\"]",
      "instances": [
        {
          "schema_version": 1,
          "attributes": {
            "arn": "arn:aws:ec2:us-east-1:105556704560:subnet/subnet-0d3d4844a007582a3",
            "assign_ipv6_address_on_creation": false,
            "availability_zone": "us-east-1a",
            "availability_zone_id": "use1-az2",
            "cidr_block": "10.0.2.0/24",
            "customer_owned_ipv4_pool": "",
            "enable_dns64": false,
            "enable_resource_name_dns_a_record_on_launch": false,
            "enable_resource_name_dns_aaaa_record_on_launch": false,
            "id": "subnet-0d3d4844a007582a3",
            "ipv6_cidr_block": "",
            "ipv6_cidr_block_association_id": "",
            "ipv6_native": false,
            "map_customer_owned_ip_on_launch": false,
            "map_public_ip_on_launch": false,
            "outpost_arn": "",
            "owner_id": "105556704560",
            "private_dns_hostname_type_on_launch": "ip-name",
            "tags": {
              "Name": "NAT Subnet"
            },
            "tags_all": {
              "Name": "NAT Subnet"
            },
            "timeouts": null,
            "vpc_id": "vpc-0d2db9edf7143892e"
          },
          "sensitive_attributes": [],
          "private": "eyJlMmJmYjczMC1lY2FhLTExZTYtOGY4OC0zNDM2M2JjN2M0YzAiOnsiY3JlYXRlIjo2MDAwMDAwMDAwMDAsImRlbGV0ZSI6MTIwMDAwMDAwMDAwMH0sInNjaGVtYV92ZXJzaW9uIjoiMSJ9",
          "dependencies": [
            "aws_vpc.vpc",
            "data.aws_availability_zones.available"
          ]
        }
      ]
    },
    {
      "mode": "managed",
      "type": "aws_vpc",
      "name": "vpc",
      "provider": "provider[\"registry.terraform.io/hashicorp/aws\"]",
      "instances": [
        {
          "schema_version": 1,
          "attributes": {
            "arn": "arn:aws:ec2:us-east-1:105556704560:vpc/vpc-0d2db9edf7143892e",
            "assign_generated_ipv6_cidr_block": false,
            "cidr_block": "10.0.0.0/16",
            "default_network_acl_id": "acl-01c30a8496f8384f3",
            "default_route_table_id": "rtb-09b4820e1008fa061",
            "default_security_group_id": "sg-07351ccc384a0f227",
            "dhcp_options_id": "dopt-0548125889deee8bf",
            "enable_classiclink": false,
            "enable_classiclink_dns_support": false,
            "enable_dns_hostnames": true,
            "enable_dns_support": true,
            "id": "vpc-0d2db9edf7143892e",
            "instance_tenancy": "default",
            "ipv4_ipam_pool_id": null,
            "ipv4_netmask_length": null,
            "ipv6_association_id": "",
            "ipv6_cidr_block": "",
            "ipv6_cidr_block_network_border_group": "",
            "ipv6_ipam_pool_id": "",
            "ipv6_netmask_length": 0,
            "main_route_table_id": "rtb-09b4820e1008fa061",
            "owner_id": "105556704560",
            "tags": {
              "Name": "test"
            },
            "tags_all": {
              "Name": "test"
            }
          },
          "sensitive_attributes": [],
          "private": "eyJzY2hlbWFfdmVyc2lvbiI6IjEifQ=="
        }
      ]
    },
    {
      "mode": "managed",
      "type": "local_file",
      "name": "ssh_file",
      "provider": "provider[\"registry.terraform.io/hashicorp/local\"]",
      "instances": [
        {
          "schema_version": 0,
          "attributes": {
            "content": "Host ansible\n      HostName 10.0.1.169\n      User ubuntu\n      IdentityFile $PWD./ansible-key.pem\n      ProxyJump jump\nHost jump\n      HostName 44.207.152.77\n      User ubuntu\n      IdentityFile $PWD./ansible-key.pem\n",
            "content_base64": null,
            "directory_permission": "0777",
            "file_permission": "0660",
            "filename": "./ssh_config.txt",
            "id": "c6d8f6a380c977475c633f57095a3f86376f9978",
            "sensitive_content": null,
            "source": null
          },
          "sensitive_attributes": [],
          "private": "bnVsbA==",
          "dependencies": [
            "aws_eip.bastion_server",
            "aws_instance.ansible_server"
          ]
        }
      ]
    },
    {
      "mode": "managed",
      "type": "local_sensitive_file",
      "name": "private_key",
      "provider": "provider[\"registry.terraform.io/hashicorp/local\"]",
      "instances": [
        {
          "schema_version": 0,
          "attributes": {
            "content": "-----BEGIN RSA PRIVATE KEY-----\nMIIJKgIBAAKCAgEAsL+5nHflItC9dug2GVYNCfS846kzAlh1jyYeERUA9NCieJ+y\nCwMOh4PdhuISjdFBkls6nuJVK3dOzAUn6HFUvTrw4+yGe7/9yd1YdEZIh+UGS9gZ\nzDJjuugjka7MAJk2R68HuN4bsi0z1CL+SpV7B15gbAbJOHY4y2ae7ewlKaBN2Mza\nc4xYV1EXhG1fVxnWD0TvnAA0/B31U8/n5sEasTG5UbVo9ik8UbrcYLck1MR6O1qN\ncjIorvJpScBD5PruEmfIedlm0SRBV2tH4PwAXupya7t152IdG5LImNBysSbr8spM\n1WK+7vuJb7FNzAKsuoJKtu37aoWKR3YvNZvLQ5LOH0hEXjVbVtVDxcTyp3gKvJeG\nj9FLdggeeBoFUCm6cPwLcOm7dmsNckgl0HpFHjusNkFeDDvTVsWksURzlVpamYMT\ndJBhwtKQ74CZ5kYKhumf+gNE4LGp2i7bgJLasP4k8X6EFiV2HCqsd+24mAYpEPin\nLdA5QIWlTQdDTNTCLs5acbfsGVeoJr58y6BtKosyDgDk6va6DZnIw4rr2ggzxYJK\nGE1LBciD1IqNJWqvQytG+ogoGAL/QMqYOSZMP5xC2kYFuOuK+Cqvq31lIeahgbPI\n5cBeRN+pU+8Ynez0q0CWXYSMo9+WAllsporN7NMDB3k3LVUexLSsf8+neYUCAwEA\nAQKCAgEAmIOn/0s5znP+uScg33XwZGHpyC0NVf3M20wR772HCLkrKRjsAjKODAOO\nWUCkr/kcMtVD3SwCQDKALO5aBGoeq/a7PIGxfgEqVlEIbbTkC1dlunZrtFba1cJQ\nRvplEDMksnBnIm+NyI7WxTu439Tix3X5j92/LlhdI66Wf0kgvC2WXvhNnB1DcX0I\n5P2Xokop+x0KATvwfIjBU6P4QJbqmHIGrmnye08TvJaYaWA/iNVNf//gQ+TiVCvb\nDIe6TlD0s68YP4SIAvnc5DkvWgU5sK1vNGUbFSEFavCa5bog7ZpfSS6lZBAEH6Wv\nb1C4h8zbDUk2fWkXZFB9BLMHg6O+nU5ZInMXshTS95aJfZI5rjPnl8eUrrHzKl8s\ns3jmmF2gpHZrHAWVe8iJExNprcIF866uGtSOEJssDn8omz6JIVHBEZ907AKlUQN2\nrZ+bAgDB+JlqASfh+5gbxGhhRo59Lc2hzC36ipEaabomcpI2de4fu4koj4JL51jN\nbpHbEJ51wv9HCx8qciUrZt92kRJdOSn0GiPO+sSHfyhST+TjBM9cpRSEydW+PiVP\nGwWthz4LDU8+tJc6+S2fK1hyenAN7/uVadRBaJ8nHOFZiX/jxwCGbiVKEY8vUVxp\n2Gjfpfckqf/G6UIhfPKPUPcmrJcisvzmOoMmNMGCSQ0ive1cbEECggEBANjf9C6W\ng85VZrxv+2JLVWBdvMUrFABMEmy4UxdP4k4yt3I+2C9QSacq1YHLBL1yVQHyGIm9\nR95ppM4CDjb6IcNgsKspx1CJnnLIEncyQiJN81EpCjJ/z53/dS4DSAuErruXbjO4\nFYoV7zPxj/Yp+nv4HeDyVVb598C4vWWbOOvt/fuvWjgX7XnPotcIgfK7vTQRQ9Xw\n5RecddAHATAO/+ZMaK3EMBxMM8zbF0cx4zGu+O9nzRGWUkLZFsZKr+Dzh4VRCBh/\nGFRzPeaJxnxvjZITOf8aJ4ij3KwGo48DGQcak+qYWXelcy1RCVnISBC2Ev0dcINF\nGWiEhSJLDQOAe7ECggEBANCinZNApnaOAnzI/3uF7tVTfG67aDrvu9EAZTQiCXkJ\n5R5L75m9xVI5ihlloefuAe5S2K8N9sHTRdLTo37hW5owREZs2/t+8iLBKIRLHCco\nuOZfxk8Z25BnABylSgIOemiwaC6BTmcxwNBcAp90ZR+DGb030apz3Zwu3oUt96VQ\nKqAco01fwtORN3ITGP8k3pDodzxRXDcQEWiFkG+gv/4SRoes2/iNxnt04LbSQLeW\n9O6xXJjvXAbnGtAPEfnXRciKqjrEFbrcXvPHwjQhRf7kO80lGWR/51KLTcpAvPER\nEvcorVL4rV8DpbTPSiXE/9A7k3gCRoScVlOZI04LlBUCggEBAJeT54mMP3E99UEt\nD0kDGBfzTBWOZztR7+q25bQ8bBJ1lguuatCez+ubn4BI0fZK66kheQ8EETAdLEej\n3iWEq4ZvlOr8l0bt+KWGuok+wkRRsQb/pRXoiMaIHnFbb8ZFJQ8N5sMVHVDWxcnL\nQvAtJNnyb4eiOA1DRmsXc6CJXb5gJ4z6YRcleiASBGFAm/p4RuQWURA9fxEClMEh\ntC3PvgFLVDpnDa0pgWbjliB3eLBn96r0JLrvEm2QZz+OQeD6tLR0DzF32xxjM1dm\n4ihkm1EGSRnIQOtag8hkF3rEEoEJjWqAsr9SDu8UXXG37s5nQ1xPcCz/ZaPMQ3TV\nebIB4fECggEAbtRTnKuVQhlCHQOxI+8L5mrJCRGo1tYPEYGCQWVrXs7w1V1FVIhI\nz9sdD0y76za18+IylRt335LZ3prqmTYhsRC+1CJz4W+YNPojCdPUisDJKCfscoyr\n5FOy7YSogdsrD33Weg3allsJsCWQhyAPr+O2wptqV3/hU1xafKjkiv7BBfjwjuO1\n3SmhKIoYl0EAsj2rSXF26REyDjIVfhcIpnES4nPjDnBR5bc6wCOEmYIpbrrtE5jj\nbA9MYQYAaJYAzf1LXJhZasAx+JI/Ce46/qJDWkDA8nA3c9PoaO5m8DA/wOfs2syb\nXIPVfO042EOEGRvsxK2AxGVAPnx1Erp32QKCAQEAulU+u8/7stbVtRB9av/J5ZrV\n1ghkhBf+JS2KYcYFZ1WGpJA+ikNhwOdB1IEJDlp4GU3YC87S0s9bvJo/ItasDCSm\nQSi056h4M0UGeWEE6scjWdbxJjXcdOqnBWUppF6YUpK6SKdPyLl4GTNRJhan/h8C\nnuszPlOrdDY7kVTvcRrMb3d/qBTDuxq511U5tofomJjT7kDO/eOHpjRwi0cSuxSE\nTRXsT6tseu3rQiSCv4lQnv1c/TBCITLExNwBzae1UjfZ5zifABQr/3t+ip+Ua75L\np4XMEuDXhrAWhyHBNMm4atQiYnvYHDJ/y8tgccsA0XJr6rg7ZmyDRGHlHLYD8w==\n-----END RSA PRIVATE KEY-----\n",
            "content_base64": null,
            "directory_permission": "0700",
            "file_permission": "0400",
            "filename": "./ansible-key.pem",
            "id": "4f3af3c46d3a0d4b0cd55c2dbdf4569212977da4",
            "source": null
          },
          "sensitive_attributes": [
            [
              {
                "type": "get_attr",
                "value": "content"
              }
            ]
          ],
          "private": "bnVsbA==",
          "dependencies": [
            "tls_private_key.ssh"
          ]
        }
      ]
    },
    {
      "mode": "managed",
      "type": "tls_private_key",
      "name": "ssh",
      "provider": "provider[\"registry.terraform.io/hashicorp/tls\"]",
      "instances": [
        {
          "schema_version": 0,
          "attributes": {
            "algorithm": "RSA",
            "ecdsa_curve": "P224",
            "id": "ff72e10aec82c6f455d55eb0ddc310ebe5ce8533",
            "private_key_openssh": "-----BEGIN OPENSSH PRIVATE KEY-----\nb3BlbnNzaC1rZXktdjEAAAAABG5vbmUAAAAEbm9uZQAAAAAAAAABAAACFwAAAAdz\nc2gtcnNhAAAAAwEAAQAAAgEAsL+5nHflItC9dug2GVYNCfS846kzAlh1jyYeERUA\n9NCieJ+yCwMOh4PdhuISjdFBkls6nuJVK3dOzAUn6HFUvTrw4+yGe7/9yd1YdEZI\nh+UGS9gZzDJjuugjka7MAJk2R68HuN4bsi0z1CL+SpV7B15gbAbJOHY4y2ae7ewl\nKaBN2Mzac4xYV1EXhG1fVxnWD0TvnAA0/B31U8/n5sEasTG5UbVo9ik8UbrcYLck\n1MR6O1qNcjIorvJpScBD5PruEmfIedlm0SRBV2tH4PwAXupya7t152IdG5LImNBy\nsSbr8spM1WK+7vuJb7FNzAKsuoJKtu37aoWKR3YvNZvLQ5LOH0hEXjVbVtVDxcTy\np3gKvJeGj9FLdggeeBoFUCm6cPwLcOm7dmsNckgl0HpFHjusNkFeDDvTVsWksURz\nlVpamYMTdJBhwtKQ74CZ5kYKhumf+gNE4LGp2i7bgJLasP4k8X6EFiV2HCqsd+24\nmAYpEPinLdA5QIWlTQdDTNTCLs5acbfsGVeoJr58y6BtKosyDgDk6va6DZnIw4rr\n2ggzxYJKGE1LBciD1IqNJWqvQytG+ogoGAL/QMqYOSZMP5xC2kYFuOuK+Cqvq31l\nIeahgbPI5cBeRN+pU+8Ynez0q0CWXYSMo9+WAllsporN7NMDB3k3LVUexLSsf8+n\neYUAAAc48fBadvHwWnYAAAAHc3NoLXJzYQAAAgEAsL+5nHflItC9dug2GVYNCfS8\n46kzAlh1jyYeERUA9NCieJ+yCwMOh4PdhuISjdFBkls6nuJVK3dOzAUn6HFUvTrw\n4+yGe7/9yd1YdEZIh+UGS9gZzDJjuugjka7MAJk2R68HuN4bsi0z1CL+SpV7B15g\nbAbJOHY4y2ae7ewlKaBN2Mzac4xYV1EXhG1fVxnWD0TvnAA0/B31U8/n5sEasTG5\nUbVo9ik8UbrcYLck1MR6O1qNcjIorvJpScBD5PruEmfIedlm0SRBV2tH4PwAXupy\na7t152IdG5LImNBysSbr8spM1WK+7vuJb7FNzAKsuoJKtu37aoWKR3YvNZvLQ5LO\nH0hEXjVbVtVDxcTyp3gKvJeGj9FLdggeeBoFUCm6cPwLcOm7dmsNckgl0HpFHjus\nNkFeDDvTVsWksURzlVpamYMTdJBhwtKQ74CZ5kYKhumf+gNE4LGp2i7bgJLasP4k\n8X6EFiV2HCqsd+24mAYpEPinLdA5QIWlTQdDTNTCLs5acbfsGVeoJr58y6BtKosy\nDgDk6va6DZnIw4rr2ggzxYJKGE1LBciD1IqNJWqvQytG+ogoGAL/QMqYOSZMP5xC\n2kYFuOuK+Cqvq31lIeahgbPI5cBeRN+pU+8Ynez0q0CWXYSMo9+WAllsporN7NMD\nB3k3LVUexLSsf8+neYUAAAADAQABAAACAQCYg6f/SznOc/65JyDfdfBkYenILQ1V\n/czbTBHvvYcIuSspGOwCMo4MA45ZQKSv+Rwy1UPdLAJAMoAs7loEah6r9rs8gbF+\nASpWUQhttOQLV2W6dmu0VtrVwlBG+mUQMySycGcib43IjtbFO7jf1OLHdfmP3b8u\nWF0jrpZ/SSC8LZZe+E2cHUNxfQjk/ZeiSin7HQoBO/B8iMFTo/hAluqYcgauafJ7\nTxO8lphpYD+I1U1//+BD5OJUK9sMh7pOUPSzrxg/hIgC+dzkOS9aBTmwrW80ZRsV\nIQVq8JrluiDtml9JLqVkEAQfpa9vULiHzNsNSTZ9aRdkUH0EsweDo76dTlkicxey\nFNL3lol9kjmuM+eXx5SusfMqXyyzeOaYXaCkdmscBZV7yIkTE2mtwgXzrq4a1I4Q\nmywOfyibPokhUcERn3TsAqVRA3atn5sCAMH4mWoBJ+H7mBvEaGFGjn0tzaHMLfqK\nkRppuiZykjZ17h+7iSiPgkvnWM1ukdsQnnXC/0cLHypyJStm33aREl05KfQaI876\nxId/KFJP5OMEz1ylFITJ1b4+JU8bBa2HPgsNTz60lzr5LZ8rWHJ6cA3v+5Vp1EFo\nnycc4VmJf+PHAIZuJUoRjy9RXGnYaN+l9ySp/8bpQiF88o9Q9yaslyKy/OY6gyY0\nwYJJDSK97VxsQQAAAQEAulU+u8/7stbVtRB9av/J5ZrV1ghkhBf+JS2KYcYFZ1WG\npJA+ikNhwOdB1IEJDlp4GU3YC87S0s9bvJo/ItasDCSmQSi056h4M0UGeWEE6scj\nWdbxJjXcdOqnBWUppF6YUpK6SKdPyLl4GTNRJhan/h8CnuszPlOrdDY7kVTvcRrM\nb3d/qBTDuxq511U5tofomJjT7kDO/eOHpjRwi0cSuxSETRXsT6tseu3rQiSCv4lQ\nnv1c/TBCITLExNwBzae1UjfZ5zifABQr/3t+ip+Ua75Lp4XMEuDXhrAWhyHBNMm4\natQiYnvYHDJ/y8tgccsA0XJr6rg7ZmyDRGHlHLYD8wAAAQEA2N/0LpaDzlVmvG/7\nYktVYF28xSsUAEwSbLhTF0/iTjK3cj7YL1BJpyrVgcsEvXJVAfIYib1H3mmkzgIO\nNvohw2CwqynHUImecsgSdzJCIk3zUSkKMn/Pnf91LgNIC4Suu5duM7gVihXvM/GP\n9in6e/gd4PJVVvn3wLi9ZZs46+39+69aOBftec+i1wiB8ru9NBFD1fDlF5x10AcB\nMA7/5kxorcQwHEwzzNsXRzHjMa7472fNEZZSQtkWxkqv4POHhVEIGH8YVHM95onG\nfG+NkhM5/xoniKPcrAajjwMZBxqT6phZd6VzLVEJWchIELYS/R1wg0UZaISFIksN\nA4B7sQAAAQEA0KKdk0Cmdo4CfMj/e4Xu1VN8brtoOu+70QBlNCIJeQnlHkvvmb3F\nUjmKGWWh5+4B7lLYrw32wdNF0tOjfuFbmjBERmzb+37yIsEohEscJyi45l/GTxnb\nkGcAHKVKAg56aLBoLoFOZzHA0FwCn3RlH4MZvTfRqnPdnC7ehS33pVAqoByjTV/C\n05E3chMY/yTekOh3PFFcNxARaIWQb6C//hJGh6zb+I3Ge3TgttJAt5b07rFcmO9c\nBuca0A8R+ddFyIqqOsQVutxe88fCNCFF/uQ7zSUZZH/nUotNykC88RES9yitUvit\nXwOltM9KJcT/0DuTeAJGhJxWU5kjTguUFQAAAAAB\n-----END OPENSSH PRIVATE KEY-----\n",
            "private_key_pem": "-----BEGIN RSA PRIVATE KEY-----\nMIIJKgIBAAKCAgEAsL+5nHflItC9dug2GVYNCfS846kzAlh1jyYeERUA9NCieJ+y\nCwMOh4PdhuISjdFBkls6nuJVK3dOzAUn6HFUvTrw4+yGe7/9yd1YdEZIh+UGS9gZ\nzDJjuugjka7MAJk2R68HuN4bsi0z1CL+SpV7B15gbAbJOHY4y2ae7ewlKaBN2Mza\nc4xYV1EXhG1fVxnWD0TvnAA0/B31U8/n5sEasTG5UbVo9ik8UbrcYLck1MR6O1qN\ncjIorvJpScBD5PruEmfIedlm0SRBV2tH4PwAXupya7t152IdG5LImNBysSbr8spM\n1WK+7vuJb7FNzAKsuoJKtu37aoWKR3YvNZvLQ5LOH0hEXjVbVtVDxcTyp3gKvJeG\nj9FLdggeeBoFUCm6cPwLcOm7dmsNckgl0HpFHjusNkFeDDvTVsWksURzlVpamYMT\ndJBhwtKQ74CZ5kYKhumf+gNE4LGp2i7bgJLasP4k8X6EFiV2HCqsd+24mAYpEPin\nLdA5QIWlTQdDTNTCLs5acbfsGVeoJr58y6BtKosyDgDk6va6DZnIw4rr2ggzxYJK\nGE1LBciD1IqNJWqvQytG+ogoGAL/QMqYOSZMP5xC2kYFuOuK+Cqvq31lIeahgbPI\n5cBeRN+pU+8Ynez0q0CWXYSMo9+WAllsporN7NMDB3k3LVUexLSsf8+neYUCAwEA\nAQKCAgEAmIOn/0s5znP+uScg33XwZGHpyC0NVf3M20wR772HCLkrKRjsAjKODAOO\nWUCkr/kcMtVD3SwCQDKALO5aBGoeq/a7PIGxfgEqVlEIbbTkC1dlunZrtFba1cJQ\nRvplEDMksnBnIm+NyI7WxTu439Tix3X5j92/LlhdI66Wf0kgvC2WXvhNnB1DcX0I\n5P2Xokop+x0KATvwfIjBU6P4QJbqmHIGrmnye08TvJaYaWA/iNVNf//gQ+TiVCvb\nDIe6TlD0s68YP4SIAvnc5DkvWgU5sK1vNGUbFSEFavCa5bog7ZpfSS6lZBAEH6Wv\nb1C4h8zbDUk2fWkXZFB9BLMHg6O+nU5ZInMXshTS95aJfZI5rjPnl8eUrrHzKl8s\ns3jmmF2gpHZrHAWVe8iJExNprcIF866uGtSOEJssDn8omz6JIVHBEZ907AKlUQN2\nrZ+bAgDB+JlqASfh+5gbxGhhRo59Lc2hzC36ipEaabomcpI2de4fu4koj4JL51jN\nbpHbEJ51wv9HCx8qciUrZt92kRJdOSn0GiPO+sSHfyhST+TjBM9cpRSEydW+PiVP\nGwWthz4LDU8+tJc6+S2fK1hyenAN7/uVadRBaJ8nHOFZiX/jxwCGbiVKEY8vUVxp\n2Gjfpfckqf/G6UIhfPKPUPcmrJcisvzmOoMmNMGCSQ0ive1cbEECggEBANjf9C6W\ng85VZrxv+2JLVWBdvMUrFABMEmy4UxdP4k4yt3I+2C9QSacq1YHLBL1yVQHyGIm9\nR95ppM4CDjb6IcNgsKspx1CJnnLIEncyQiJN81EpCjJ/z53/dS4DSAuErruXbjO4\nFYoV7zPxj/Yp+nv4HeDyVVb598C4vWWbOOvt/fuvWjgX7XnPotcIgfK7vTQRQ9Xw\n5RecddAHATAO/+ZMaK3EMBxMM8zbF0cx4zGu+O9nzRGWUkLZFsZKr+Dzh4VRCBh/\nGFRzPeaJxnxvjZITOf8aJ4ij3KwGo48DGQcak+qYWXelcy1RCVnISBC2Ev0dcINF\nGWiEhSJLDQOAe7ECggEBANCinZNApnaOAnzI/3uF7tVTfG67aDrvu9EAZTQiCXkJ\n5R5L75m9xVI5ihlloefuAe5S2K8N9sHTRdLTo37hW5owREZs2/t+8iLBKIRLHCco\nuOZfxk8Z25BnABylSgIOemiwaC6BTmcxwNBcAp90ZR+DGb030apz3Zwu3oUt96VQ\nKqAco01fwtORN3ITGP8k3pDodzxRXDcQEWiFkG+gv/4SRoes2/iNxnt04LbSQLeW\n9O6xXJjvXAbnGtAPEfnXRciKqjrEFbrcXvPHwjQhRf7kO80lGWR/51KLTcpAvPER\nEvcorVL4rV8DpbTPSiXE/9A7k3gCRoScVlOZI04LlBUCggEBAJeT54mMP3E99UEt\nD0kDGBfzTBWOZztR7+q25bQ8bBJ1lguuatCez+ubn4BI0fZK66kheQ8EETAdLEej\n3iWEq4ZvlOr8l0bt+KWGuok+wkRRsQb/pRXoiMaIHnFbb8ZFJQ8N5sMVHVDWxcnL\nQvAtJNnyb4eiOA1DRmsXc6CJXb5gJ4z6YRcleiASBGFAm/p4RuQWURA9fxEClMEh\ntC3PvgFLVDpnDa0pgWbjliB3eLBn96r0JLrvEm2QZz+OQeD6tLR0DzF32xxjM1dm\n4ihkm1EGSRnIQOtag8hkF3rEEoEJjWqAsr9SDu8UXXG37s5nQ1xPcCz/ZaPMQ3TV\nebIB4fECggEAbtRTnKuVQhlCHQOxI+8L5mrJCRGo1tYPEYGCQWVrXs7w1V1FVIhI\nz9sdD0y76za18+IylRt335LZ3prqmTYhsRC+1CJz4W+YNPojCdPUisDJKCfscoyr\n5FOy7YSogdsrD33Weg3allsJsCWQhyAPr+O2wptqV3/hU1xafKjkiv7BBfjwjuO1\n3SmhKIoYl0EAsj2rSXF26REyDjIVfhcIpnES4nPjDnBR5bc6wCOEmYIpbrrtE5jj\nbA9MYQYAaJYAzf1LXJhZasAx+JI/Ce46/qJDWkDA8nA3c9PoaO5m8DA/wOfs2syb\nXIPVfO042EOEGRvsxK2AxGVAPnx1Erp32QKCAQEAulU+u8/7stbVtRB9av/J5ZrV\n1ghkhBf+JS2KYcYFZ1WGpJA+ikNhwOdB1IEJDlp4GU3YC87S0s9bvJo/ItasDCSm\nQSi056h4M0UGeWEE6scjWdbxJjXcdOqnBWUppF6YUpK6SKdPyLl4GTNRJhan/h8C\nnuszPlOrdDY7kVTvcRrMb3d/qBTDuxq511U5tofomJjT7kDO/eOHpjRwi0cSuxSE\nTRXsT6tseu3rQiSCv4lQnv1c/TBCITLExNwBzae1UjfZ5zifABQr/3t+ip+Ua75L\np4XMEuDXhrAWhyHBNMm4atQiYnvYHDJ/y8tgccsA0XJr6rg7ZmyDRGHlHLYD8w==\n-----END RSA PRIVATE KEY-----\n",
            "public_key_fingerprint_md5": "5a:ca:74:1f:86:25:27:4a:63:8e:8e:b2:4d:af:36:e5",
            "public_key_fingerprint_sha256": "SHA256:cFaZNUeWnSxvvuJCVWIR2g5QQSjv88j3eWmlA5ZFIFA",
            "public_key_openssh": "ssh-rsa AAAAB3NzaC1yc2EAAAADAQABAAACAQCwv7mcd+Ui0L126DYZVg0J9LzjqTMCWHWPJh4RFQD00KJ4n7ILAw6Hg92G4hKN0UGSWzqe4lUrd07MBSfocVS9OvDj7IZ7v/3J3Vh0RkiH5QZL2BnMMmO66CORrswAmTZHrwe43huyLTPUIv5KlXsHXmBsBsk4djjLZp7t7CUpoE3YzNpzjFhXUReEbV9XGdYPRO+cADT8HfVTz+fmwRqxMblRtWj2KTxRutxgtyTUxHo7Wo1yMiiu8mlJwEPk+u4SZ8h52WbRJEFXa0fg/ABe6nJru3XnYh0bksiY0HKxJuvyykzVYr7u+4lvsU3MAqy6gkq27ftqhYpHdi81m8tDks4fSEReNVtW1UPFxPKneAq8l4aP0Ut2CB54GgVQKbpw/Atw6bt2aw1ySCXQekUeO6w2QV4MO9NWxaSxRHOVWlqZgxN0kGHC0pDvgJnmRgqG6Z/6A0TgsanaLtuAktqw/iTxfoQWJXYcKqx37biYBikQ+Kct0DlAhaVNB0NM1MIuzlpxt+wZV6gmvnzLoG0qizIOAOTq9roNmcjDiuvaCDPFgkoYTUsFyIPUio0laq9DK0b6iCgYAv9Aypg5Jkw/nELaRgW464r4Kq+rfWUh5qGBs8jlwF5E36lT7xid7PSrQJZdhIyj35YCWWymis3s0wMHeTctVR7EtKx/z6d5hQ==\n",
            "public_key_pem": "-----BEGIN PUBLIC KEY-----\nMIICIjANBgkqhkiG9w0BAQEFAAOCAg8AMIICCgKCAgEAsL+5nHflItC9dug2GVYN\nCfS846kzAlh1jyYeERUA9NCieJ+yCwMOh4PdhuISjdFBkls6nuJVK3dOzAUn6HFU\nvTrw4+yGe7/9yd1YdEZIh+UGS9gZzDJjuugjka7MAJk2R68HuN4bsi0z1CL+SpV7\nB15gbAbJOHY4y2ae7ewlKaBN2Mzac4xYV1EXhG1fVxnWD0TvnAA0/B31U8/n5sEa\nsTG5UbVo9ik8UbrcYLck1MR6O1qNcjIorvJpScBD5PruEmfIedlm0SRBV2tH4PwA\nXupya7t152IdG5LImNBysSbr8spM1WK+7vuJb7FNzAKsuoJKtu37aoWKR3YvNZvL\nQ5LOH0hEXjVbVtVDxcTyp3gKvJeGj9FLdggeeBoFUCm6cPwLcOm7dmsNckgl0HpF\nHjusNkFeDDvTVsWksURzlVpamYMTdJBhwtKQ74CZ5kYKhumf+gNE4LGp2i7bgJLa\nsP4k8X6EFiV2HCqsd+24mAYpEPinLdA5QIWlTQdDTNTCLs5acbfsGVeoJr58y6Bt\nKosyDgDk6va6DZnIw4rr2ggzxYJKGE1LBciD1IqNJWqvQytG+ogoGAL/QMqYOSZM\nP5xC2kYFuOuK+Cqvq31lIeahgbPI5cBeRN+pU+8Ynez0q0CWXYSMo9+WAllsporN\n7NMDB3k3LVUexLSsf8+neYUCAwEAAQ==\n-----END PUBLIC KEY-----\n",
            "rsa_bits": 4096
          },
          "sensitive_attributes": [],
          "private": "bnVsbA=="
        }
      ]
    }
  ]
}
